// !$*UTF8*$!
{
	archiveVersion = 1;
	classes = {
	};
	objectVersion = 50;
	objects = {

/* Begin PBXBuildFile section */
		79D83309252644A400D19A0E /* AppDelegate.swift in Sources */ = {isa = PBXBuildFile; fileRef = 79D83308252644A400D19A0E /* AppDelegate.swift */; };
		79D8330B252644A400D19A0E /* SceneDelegate.swift in Sources */ = {isa = PBXBuildFile; fileRef = 79D8330A252644A400D19A0E /* SceneDelegate.swift */; };
		79D8330D252644A400D19A0E /* ViewController.swift in Sources */ = {isa = PBXBuildFile; fileRef = 79D8330C252644A400D19A0E /* ViewController.swift */; };
		79D83310252644A400D19A0E /* Main.storyboard in Resources */ = {isa = PBXBuildFile; fileRef = 79D8330E252644A400D19A0E /* Main.storyboard */; };
		79D83312252644AB00D19A0E /* Assets.xcassets in Resources */ = {isa = PBXBuildFile; fileRef = 79D83311252644AB00D19A0E /* Assets.xcassets */; };
		79D83315252644AB00D19A0E /* LaunchScreen.storyboard in Resources */ = {isa = PBXBuildFile; fileRef = 79D83313252644AB00D19A0E /* LaunchScreen.storyboard */; };
		79D83320252644AB00D19A0E /* Project_10Tests.swift in Sources */ = {isa = PBXBuildFile; fileRef = 79D8331F252644AB00D19A0E /* Project_10Tests.swift */; };
		79D8332B252644AB00D19A0E /* Project_10UITests.swift in Sources */ = {isa = PBXBuildFile; fileRef = 79D8332A252644AB00D19A0E /* Project_10UITests.swift */; };
/* End PBXBuildFile section */

/* Begin PBXContainerItemProxy section */
		79D8331C252644AB00D19A0E /* PBXContainerItemProxy */ = {
			isa = PBXContainerItemProxy;
			containerPortal = 79D832FD252644A400D19A0E /* Project object */;
			proxyType = 1;
			remoteGlobalIDString = 79D83304252644A400D19A0E;
			remoteInfo = "Project 10";
		};
		79D83327252644AB00D19A0E /* PBXContainerItemProxy */ = {
			isa = PBXContainerItemProxy;
			containerPortal = 79D832FD252644A400D19A0E /* Project object */;
			proxyType = 1;
			remoteGlobalIDString = 79D83304252644A400D19A0E;
			remoteInfo = "Project 10";
		};
/* End PBXContainerItemProxy section */

/* Begin PBXFileReference section */
		79D83305252644A400D19A0E /* Project 10.app */ = {isa = PBXFileReference; explicitFileType = wrapper.application; includeInIndex = 0; path = "Project 10.app"; sourceTree = BUILT_PRODUCTS_DIR; };
		79D83308252644A400D19A0E /* AppDelegate.swift */ = {isa = PBXFileReference; lastKnownFileType = sourcecode.swift; path = AppDelegate.swift; sourceTree = "<group>"; };
		79D8330A252644A400D19A0E /* SceneDelegate.swift */ = {isa = PBXFileReference; lastKnownFileType = sourcecode.swift; path = SceneDelegate.swift; sourceTree = "<group>"; };
		79D8330C252644A400D19A0E /* ViewController.swift */ = {isa = PBXFileReference; lastKnownFileType = sourcecode.swift; path = ViewController.swift; sourceTree = "<group>"; };
		79D8330F252644A400D19A0E /* Base */ = {isa = PBXFileReference; lastKnownFileType = file.storyboard; name = Base; path = Base.lproj/Main.storyboard; sourceTree = "<group>"; };
		79D83311252644AB00D19A0E /* Assets.xcassets */ = {isa = PBXFileReference; lastKnownFileType = folder.assetcatalog; path = Assets.xcassets; sourceTree = "<group>"; };
		79D83314252644AB00D19A0E /* Base */ = {isa = PBXFileReference; lastKnownFileType = file.storyboard; name = Base; path = Base.lproj/LaunchScreen.storyboard; sourceTree = "<group>"; };
		79D83316252644AB00D19A0E /* Info.plist */ = {isa = PBXFileReference; lastKnownFileType = text.plist.xml; path = Info.plist; sourceTree = "<group>"; };
		79D8331B252644AB00D19A0E /* Project 10Tests.xctest */ = {isa = PBXFileReference; explicitFileType = wrapper.cfbundle; includeInIndex = 0; path = "Project 10Tests.xctest"; sourceTree = BUILT_PRODUCTS_DIR; };
		79D8331F252644AB00D19A0E /* Project_10Tests.swift */ = {isa = PBXFileReference; lastKnownFileType = sourcecode.swift; path = Project_10Tests.swift; sourceTree = "<group>"; };
		79D83321252644AB00D19A0E /* Info.plist */ = {isa = PBXFileReference; lastKnownFileType = text.plist.xml; path = Info.plist; sourceTree = "<group>"; };
		79D83326252644AB00D19A0E /* Project 10UITests.xctest */ = {isa = PBXFileReference; explicitFileType = wrapper.cfbundle; includeInIndex = 0; path = "Project 10UITests.xctest"; sourceTree = BUILT_PRODUCTS_DIR; };
		79D8332A252644AB00D19A0E /* Project_10UITests.swift */ = {isa = PBXFileReference; lastKnownFileType = sourcecode.swift; path = Project_10UITests.swift; sourceTree = "<group>"; };
		79D8332C252644AB00D19A0E /* Info.plist */ = {isa = PBXFileReference; lastKnownFileType = text.plist.xml; path = Info.plist; sourceTree = "<group>"; };
/* End PBXFileReference section */

/* Begin PBXFrameworksBuildPhase section */
		79D83302252644A400D19A0E /* Frameworks */ = {
			isa = PBXFrameworksBuildPhase;
			buildActionMask = 2147483647;
			files = (
			);
			runOnlyForDeploymentPostprocessing = 0;
		};
		79D83318252644AB00D19A0E /* Frameworks */ = {
			isa = PBXFrameworksBuildPhase;
			buildActionMask = 2147483647;
			files = (
			);
			runOnlyForDeploymentPostprocessing = 0;
		};
		79D83323252644AB00D19A0E /* Frameworks */ = {
			isa = PBXFrameworksBuildPhase;
			buildActionMask = 2147483647;
			files = (
			);
			runOnlyForDeploymentPostprocessing = 0;
		};
/* End PBXFrameworksBuildPhase section */

/* Begin PBXGroup section */
		79D832FC252644A400D19A0E = {
			isa = PBXGroup;
			children = (
				79D83307252644A400D19A0E /* Project 10 */,
				79D8331E252644AB00D19A0E /* Project 10Tests */,
				79D83329252644AB00D19A0E /* Project 10UITests */,
				79D83306252644A400D19A0E /* Products */,
			);
			sourceTree = "<group>";
		};
		79D83306252644A400D19A0E /* Products */ = {
			isa = PBXGroup;
			children = (
				79D83305252644A400D19A0E /* Project 10.app */,
				79D8331B252644AB00D19A0E /* Project 10Tests.xctest */,
				79D83326252644AB00D19A0E /* Project 10UITests.xctest */,
			);
			name = Products;
			sourceTree = "<group>";
		};
		79D83307252644A400D19A0E /* Project 10 */ = {
			isa = PBXGroup;
			children = (
				79D83308252644A400D19A0E /* AppDelegate.swift */,
				79D8330A252644A400D19A0E /* SceneDelegate.swift */,
				79D8330C252644A400D19A0E /* ViewController.swift */,
				79D8330E252644A400D19A0E /* Main.storyboard */,
				79D83311252644AB00D19A0E /* Assets.xcassets */,
				79D83313252644AB00D19A0E /* LaunchScreen.storyboard */,
				79D83316252644AB00D19A0E /* Info.plist */,
			);
			path = "Project 10";
			sourceTree = "<group>";
		};
		79D8331E252644AB00D19A0E /* Project 10Tests */ = {
			isa = PBXGroup;
			children = (
				79D8331F252644AB00D19A0E /* Project_10Tests.swift */,
				79D83321252644AB00D19A0E /* Info.plist */,
			);
			path = "Project 10Tests";
			sourceTree = "<group>";
		};
		79D83329252644AB00D19A0E /* Project 10UITests */ = {
			isa = PBXGroup;
			children = (
				79D8332A252644AB00D19A0E /* Project_10UITests.swift */,
				79D8332C252644AB00D19A0E /* Info.plist */,
			);
			path = "Project 10UITests";
			sourceTree = "<group>";
		};
/* End PBXGroup section */

/* Begin PBXNativeTarget section */
		79D83304252644A400D19A0E /* Project 10 */ = {
			isa = PBXNativeTarget;
			buildConfigurationList = 79D8332F252644AB00D19A0E /* Build configuration list for PBXNativeTarget "Project 10" */;
			buildPhases = (
				79D83301252644A400D19A0E /* Sources */,
				79D83302252644A400D19A0E /* Frameworks */,
				79D83303252644A400D19A0E /* Resources */,
			);
			buildRules = (
			);
			dependencies = (
			);
			name = "Project 10";
			productName = "Project 10";
			productReference = 79D83305252644A400D19A0E /* Project 10.app */;
			productType = "com.apple.product-type.application";
		};
		79D8331A252644AB00D19A0E /* Project 10Tests */ = {
			isa = PBXNativeTarget;
			buildConfigurationList = 79D83332252644AB00D19A0E /* Build configuration list for PBXNativeTarget "Project 10Tests" */;
			buildPhases = (
				79D83317252644AB00D19A0E /* Sources */,
				79D83318252644AB00D19A0E /* Frameworks */,
				79D83319252644AB00D19A0E /* Resources */,
			);
			buildRules = (
			);
			dependencies = (
				79D8331D252644AB00D19A0E /* PBXTargetDependency */,
			);
			name = "Project 10Tests";
			productName = "Project 10Tests";
			productReference = 79D8331B252644AB00D19A0E /* Project 10Tests.xctest */;
			productType = "com.apple.product-type.bundle.unit-test";
		};
		79D83325252644AB00D19A0E /* Project 10UITests */ = {
			isa = PBXNativeTarget;
			buildConfigurationList = 79D83335252644AB00D19A0E /* Build configuration list for PBXNativeTarget "Project 10UITests" */;
			buildPhases = (
				79D83322252644AB00D19A0E /* Sources */,
				79D83323252644AB00D19A0E /* Frameworks */,
				79D83324252644AB00D19A0E /* Resources */,
			);
			buildRules = (
			);
			dependencies = (
				79D83328252644AB00D19A0E /* PBXTargetDependency */,
			);
			name = "Project 10UITests";
			productName = "Project 10UITests";
			productReference = 79D83326252644AB00D19A0E /* Project 10UITests.xctest */;
			productType = "com.apple.product-type.bundle.ui-testing";
		};
/* End PBXNativeTarget section */

/* Begin PBXProject section */
		79D832FD252644A400D19A0E /* Project object */ = {
			isa = PBXProject;
			attributes = {
				LastSwiftUpdateCheck = 1200;
				LastUpgradeCheck = 1200;
				TargetAttributes = {
					79D83304252644A400D19A0E = {
						CreatedOnToolsVersion = 12.0.1;
					};
					79D8331A252644AB00D19A0E = {
						CreatedOnToolsVersion = 12.0.1;
						TestTargetID = 79D83304252644A400D19A0E;
					};
					79D83325252644AB00D19A0E = {
						CreatedOnToolsVersion = 12.0.1;
						TestTargetID = 79D83304252644A400D19A0E;
					};
				};
			};
			buildConfigurationList = 79D83300252644A400D19A0E /* Build configuration list for PBXProject "Project 10" */;
			compatibilityVersion = "Xcode 9.3";
			developmentRegion = en;
			hasScannedForEncodings = 0;
			knownRegions = (
				en,
				Base,
			);
			mainGroup = 79D832FC252644A400D19A0E;
			productRefGroup = 79D83306252644A400D19A0E /* Products */;
			projectDirPath = "";
			projectRoot = "";
			targets = (
				79D83304252644A400D19A0E /* Project 10 */,
				79D8331A252644AB00D19A0E /* Project 10Tests */,
				79D83325252644AB00D19A0E /* Project 10UITests */,
			);
		};
/* End PBXProject section */

/* Begin PBXResourcesBuildPhase section */
		79D83303252644A400D19A0E /* Resources */ = {
			isa = PBXResourcesBuildPhase;
			buildActionMask = 2147483647;
			files = (
				79D83315252644AB00D19A0E /* LaunchScreen.storyboard in Resources */,
				79D83312252644AB00D19A0E /* Assets.xcassets in Resources */,
				79D83310252644A400D19A0E /* Main.storyboard in Resources */,
			);
			runOnlyForDeploymentPostprocessing = 0;
		};
		79D83319252644AB00D19A0E /* Resources */ = {
			isa = PBXResourcesBuildPhase;
			buildActionMask = 2147483647;
			files = (
			);
			runOnlyForDeploymentPostprocessing = 0;
		};
		79D83324252644AB00D19A0E /* Resources */ = {
			isa = PBXResourcesBuildPhase;
			buildActionMask = 2147483647;
			files = (
			);
			runOnlyForDeploymentPostprocessing = 0;
		};
/* End PBXResourcesBuildPhase section */

/* Begin PBXSourcesBuildPhase section */
		79D83301252644A400D19A0E /* Sources */ = {
			isa = PBXSourcesBuildPhase;
			buildActionMask = 2147483647;
			files = (
				79D8330D252644A400D19A0E /* ViewController.swift in Sources */,
				79D83309252644A400D19A0E /* AppDelegate.swift in Sources */,
				79D8330B252644A400D19A0E /* SceneDelegate.swift in Sources */,
			);
			runOnlyForDeploymentPostprocessing = 0;
		};
		79D83317252644AB00D19A0E /* Sources */ = {
			isa = PBXSourcesBuildPhase;
			buildActionMask = 2147483647;
			files = (
				79D83320252644AB00D19A0E /* Project_10Tests.swift in Sources */,
			);
			runOnlyForDeploymentPostprocessing = 0;
		};
		79D83322252644AB00D19A0E /* Sources */ = {
			isa = PBXSourcesBuildPhase;
			buildActionMask = 2147483647;
			files = (
				79D8332B252644AB00D19A0E /* Project_10UITests.swift in Sources */,
			);
			runOnlyForDeploymentPostprocessing = 0;
		};
/* End PBXSourcesBuildPhase section */

/* Begin PBXTargetDependency section */
		79D8331D252644AB00D19A0E /* PBXTargetDependency */ = {
			isa = PBXTargetDependency;
			target = 79D83304252644A400D19A0E /* Project 10 */;
			targetProxy = 79D8331C252644AB00D19A0E /* PBXContainerItemProxy */;
		};
		79D83328252644AB00D19A0E /* PBXTargetDependency */ = {
			isa = PBXTargetDependency;
			target = 79D83304252644A400D19A0E /* Project 10 */;
			targetProxy = 79D83327252644AB00D19A0E /* PBXContainerItemProxy */;
		};
/* End PBXTargetDependency section */

/* Begin PBXVariantGroup section */
		79D8330E252644A400D19A0E /* Main.storyboard */ = {
			isa = PBXVariantGroup;
			children = (
				79D8330F252644A400D19A0E /* Base */,
			);
			name = Main.storyboard;
			sourceTree = "<group>";
		};
		79D83313252644AB00D19A0E /* LaunchScreen.storyboard */ = {
			isa = PBXVariantGroup;
			children = (
				79D83314252644AB00D19A0E /* Base */,
			);
			name = LaunchScreen.storyboard;
			sourceTree = "<group>";
		};
/* End PBXVariantGroup section */

/* Begin XCBuildConfiguration section */
		79D8332D252644AB00D19A0E /* Debug */ = {
			isa = XCBuildConfiguration;
			buildSettings = {
				ALWAYS_SEARCH_USER_PATHS = NO;
				CLANG_ANALYZER_NONNULL = YES;
				CLANG_ANALYZER_NUMBER_OBJECT_CONVERSION = YES_AGGRESSIVE;
				CLANG_CXX_LANGUAGE_STANDARD = "gnu++14";
				CLANG_CXX_LIBRARY = "libc++";
				CLANG_ENABLE_MODULES = YES;
				CLANG_ENABLE_OBJC_ARC = YES;
				CLANG_ENABLE_OBJC_WEAK = YES;
				CLANG_WARN_BLOCK_CAPTURE_AUTORELEASING = YES;
				CLANG_WARN_BOOL_CONVERSION = YES;
				CLANG_WARN_COMMA = YES;
				CLANG_WARN_CONSTANT_CONVERSION = YES;
				CLANG_WARN_DEPRECATED_OBJC_IMPLEMENTATIONS = YES;
				CLANG_WARN_DIRECT_OBJC_ISA_USAGE = YES_ERROR;
				CLANG_WARN_DOCUMENTATION_COMMENTS = YES;
				CLANG_WARN_EMPTY_BODY = YES;
				CLANG_WARN_ENUM_CONVERSION = YES;
				CLANG_WARN_INFINITE_RECURSION = YES;
				CLANG_WARN_INT_CONVERSION = YES;
				CLANG_WARN_NON_LITERAL_NULL_CONVERSION = YES;
				CLANG_WARN_OBJC_IMPLICIT_RETAIN_SELF = YES;
				CLANG_WARN_OBJC_LITERAL_CONVERSION = YES;
				CLANG_WARN_OBJC_ROOT_CLASS = YES_ERROR;
				CLANG_WARN_QUOTED_INCLUDE_IN_FRAMEWORK_HEADER = YES;
				CLANG_WARN_RANGE_LOOP_ANALYSIS = YES;
				CLANG_WARN_STRICT_PROTOTYPES = YES;
				CLANG_WARN_SUSPICIOUS_MOVE = YES;
				CLANG_WARN_UNGUARDED_AVAILABILITY = YES_AGGRESSIVE;
				CLANG_WARN_UNREACHABLE_CODE = YES;
				CLANG_WARN__DUPLICATE_METHOD_MATCH = YES;
				COPY_PHASE_STRIP = NO;
				DEBUG_INFORMATION_FORMAT = dwarf;
				ENABLE_STRICT_OBJC_MSGSEND = YES;
				ENABLE_TESTABILITY = YES;
				GCC_C_LANGUAGE_STANDARD = gnu11;
				GCC_DYNAMIC_NO_PIC = NO;
				GCC_NO_COMMON_BLOCKS = YES;
				GCC_OPTIMIZATION_LEVEL = 0;
				GCC_PREPROCESSOR_DEFINITIONS = (
					"DEBUG=1",
					"$(inherited)",
				);
				GCC_WARN_64_TO_32_BIT_CONVERSION = YES;
				GCC_WARN_ABOUT_RETURN_TYPE = YES_ERROR;
				GCC_WARN_UNDECLARED_SELECTOR = YES;
				GCC_WARN_UNINITIALIZED_AUTOS = YES_AGGRESSIVE;
				GCC_WARN_UNUSED_FUNCTION = YES;
				GCC_WARN_UNUSED_VARIABLE = YES;
				IPHONEOS_DEPLOYMENT_TARGET = 14.0;
				MTL_ENABLE_DEBUG_INFO = INCLUDE_SOURCE;
				MTL_FAST_MATH = YES;
				ONLY_ACTIVE_ARCH = YES;
				SDKROOT = iphoneos;
				SWIFT_ACTIVE_COMPILATION_CONDITIONS = DEBUG;
				SWIFT_OPTIMIZATION_LEVEL = "-Onone";
			};
			name = Debug;
		};
		79D8332E252644AB00D19A0E /* Release */ = {
			isa = XCBuildConfiguration;
			buildSettings = {
				ALWAYS_SEARCH_USER_PATHS = NO;
				CLANG_ANALYZER_NONNULL = YES;
				CLANG_ANALYZER_NUMBER_OBJECT_CONVERSION = YES_AGGRESSIVE;
				CLANG_CXX_LANGUAGE_STANDARD = "gnu++14";
				CLANG_CXX_LIBRARY = "libc++";
				CLANG_ENABLE_MODULES = YES;
				CLANG_ENABLE_OBJC_ARC = YES;
				CLANG_ENABLE_OBJC_WEAK = YES;
				CLANG_WARN_BLOCK_CAPTURE_AUTORELEASING = YES;
				CLANG_WARN_BOOL_CONVERSION = YES;
				CLANG_WARN_COMMA = YES;
				CLANG_WARN_CONSTANT_CONVERSION = YES;
				CLANG_WARN_DEPRECATED_OBJC_IMPLEMENTATIONS = YES;
				CLANG_WARN_DIRECT_OBJC_ISA_USAGE = YES_ERROR;
				CLANG_WARN_DOCUMENTATION_COMMENTS = YES;
				CLANG_WARN_EMPTY_BODY = YES;
				CLANG_WARN_ENUM_CONVERSION = YES;
				CLANG_WARN_INFINITE_RECURSION = YES;
				CLANG_WARN_INT_CONVERSION = YES;
				CLANG_WARN_NON_LITERAL_NULL_CONVERSION = YES;
				CLANG_WARN_OBJC_IMPLICIT_RETAIN_SELF = YES;
				CLANG_WARN_OBJC_LITERAL_CONVERSION = YES;
				CLANG_WARN_OBJC_ROOT_CLASS = YES_ERROR;
				CLANG_WARN_QUOTED_INCLUDE_IN_FRAMEWORK_HEADER = YES;
				CLANG_WARN_RANGE_LOOP_ANALYSIS = YES;
				CLANG_WARN_STRICT_PROTOTYPES = YES;
				CLANG_WARN_SUSPICIOUS_MOVE = YES;
				CLANG_WARN_UNGUARDED_AVAILABILITY = YES_AGGRESSIVE;
				CLANG_WARN_UNREACHABLE_CODE = YES;
				CLANG_WARN__DUPLICATE_METHOD_MATCH = YES;
				COPY_PHASE_STRIP = NO;
				DEBUG_INFORMATION_FORMAT = "dwarf-with-dsym";
				ENABLE_NS_ASSERTIONS = NO;
				ENABLE_STRICT_OBJC_MSGSEND = YES;
				GCC_C_LANGUAGE_STANDARD = gnu11;
				GCC_NO_COMMON_BLOCKS = YES;
				GCC_WARN_64_TO_32_BIT_CONVERSION = YES;
				GCC_WARN_ABOUT_RETURN_TYPE = YES_ERROR;
				GCC_WARN_UNDECLARED_SELECTOR = YES;
				GCC_WARN_UNINITIALIZED_AUTOS = YES_AGGRESSIVE;
				GCC_WARN_UNUSED_FUNCTION = YES;
				GCC_WARN_UNUSED_VARIABLE = YES;
				IPHONEOS_DEPLOYMENT_TARGET = 14.0;
				MTL_ENABLE_DEBUG_INFO = NO;
				MTL_FAST_MATH = YES;
				SDKROOT = iphoneos;
				SWIFT_COMPILATION_MODE = wholemodule;
				SWIFT_OPTIMIZATION_LEVEL = "-O";
				VALIDATE_PRODUCT = YES;
			};
			name = Release;
		};
		79D83330252644AB00D19A0E /* Debug */ = {
			isa = XCBuildConfiguration;
			buildSettings = {
				ASSETCATALOG_COMPILER_APPICON_NAME = AppIcon;
				ASSETCATALOG_COMPILER_GLOBAL_ACCENT_COLOR_NAME = AccentColor;
				CODE_SIGN_STYLE = Automatic;
				DEVELOPMENT_TEAM = M5C2S69Y94;
				INFOPLIST_FILE = "Project 10/Info.plist";
				LD_RUNPATH_SEARCH_PATHS = (
					"$(inherited)",
					"@executable_path/Frameworks",
				);
				PRODUCT_BUNDLE_IDENTIFIER = "com.hackingwithswift.Project-10";
				PRODUCT_NAME = "$(TARGET_NAME)";
				SWIFT_VERSION = 5.0;
				TARGETED_DEVICE_FAMILY = "1,2";
			};
			name = Debug;
		};
		79D83331252644AB00D19A0E /* Release */ = {
			isa = XCBuildConfiguration;
			buildSettings = {
				ASSETCATALOG_COMPILER_APPICON_NAME = AppIcon;
				ASSETCATALOG_COMPILER_GLOBAL_ACCENT_COLOR_NAME = AccentColor;
				CODE_SIGN_STYLE = Automatic;
				DEVELOPMENT_TEAM = M5C2S69Y94;
				INFOPLIST_FILE = "Project 10/Info.plist";
				LD_RUNPATH_SEARCH_PATHS = (
					"$(inherited)",
					"@executable_path/Frameworks",
				);
				PRODUCT_BUNDLE_IDENTIFIER = "com.hackingwithswift.Project-10";
				PRODUCT_NAME = "$(TARGET_NAME)";
				SWIFT_VERSION = 5.0;
				TARGETED_DEVICE_FAMILY = "1,2";
			};
			name = Release;
		};
		79D83333252644AB00D19A0E /* Debug */ = {
			isa = XCBuildConfiguration;
			buildSettings = {
				ALWAYS_EMBED_SWIFT_STANDARD_LIBRARIES = YES;
				BUNDLE_LOADER = "$(TEST_HOST)";
				CODE_SIGN_STYLE = Automatic;
				DEVELOPMENT_TEAM = M5C2S69Y94;
				INFOPLIST_FILE = "Project 10Tests/Info.plist";
				IPHONEOS_DEPLOYMENT_TARGET = 14.0;
				LD_RUNPATH_SEARCH_PATHS = (
					"$(inherited)",
					"@executable_path/Frameworks",
					"@loader_path/Frameworks",
				);
				PRODUCT_BUNDLE_IDENTIFIER = "com.hackingwithswift.Project-10Tests";
				PRODUCT_NAME = "$(TARGET_NAME)";
				SWIFT_VERSION = 5.0;
				TARGETED_DEVICE_FAMILY = "1,2";
				TEST_HOST = "$(BUILT_PRODUCTS_DIR)/Project 10.app/Project 10";
			};
			name = Debug;
		};
		79D83334252644AB00D19A0E /* Release */ = {
			isa = XCBuildConfiguration;
			buildSettings = {
				ALWAYS_EMBED_SWIFT_STANDARD_LIBRARIES = YES;
				BUNDLE_LOADER = "$(TEST_HOST)";
				CODE_SIGN_STYLE = Automatic;
				DEVELOPMENT_TEAM = M5C2S69Y94;
				INFOPLIST_FILE = "Project 10Tests/Info.plist";
				IPHONEOS_DEPLOYMENT_TARGET = 14.0;
				LD_RUNPATH_SEARCH_PATHS = (
					"$(inherited)",
					"@executable_path/Frameworks",
					"@loader_path/Frameworks",
				);
				PRODUCT_BUNDLE_IDENTIFIER = "com.hackingwithswift.Project-10Tests";
				PRODUCT_NAME = "$(TARGET_NAME)";
				SWIFT_VERSION = 5.0;
				TARGETED_DEVICE_FAMILY = "1,2";
				TEST_HOST = "$(BUILT_PRODUCTS_DIR)/Project 10.app/Project 10";
			};
			name = Release;
		};
		79D83336252644AB00D19A0E /* Debug */ = {
			isa = XCBuildConfiguration;
			buildSettings = {
				ALWAYS_EMBED_SWIFT_STANDARD_LIBRARIES = YES;
				CODE_SIGN_STYLE = Automatic;
				DEVELOPMENT_TEAM = M5C2S69Y94;
				INFOPLIST_FILE = "Project 10UITests/Info.plist";
				LD_RUNPATH_SEARCH_PATHS = (
					"$(inherited)",
					"@executable_path/Frameworks",
					"@loader_path/Frameworks",
				);
				PRODUCT_BUNDLE_IDENTIFIER = "com.hackingwithswift.Project-10UITests";
				PRODUCT_NAME = "$(TARGET_NAME)";
				SWIFT_VERSION = 5.0;
				TARGETED_DEVICE_FAMILY = "1,2";
				TEST_TARGET_NAME = "Project 10";
			};
			name = Debug;
		};
		79D83337252644AB00D19A0E /* Release */ = {
			isa = XCBuildConfiguration;
			buildSettings = {
				ALWAYS_EMBED_SWIFT_STANDARD_LIBRARIES = YES;
				CODE_SIGN_STYLE = Automatic;
				DEVELOPMENT_TEAM = M5C2S69Y94;
				INFOPLIST_FILE = "Project 10UITests/Info.plist";
				LD_RUNPATH_SEARCH_PATHS = (
					"$(inherited)",
					"@executable_path/Frameworks",
					"@loader_path/Frameworks",
				);
				PRODUCT_BUNDLE_IDENTIFIER = "com.hackingwithswift.Project-10UITests";
				PRODUCT_NAME = "$(TARGET_NAME)";
				SWIFT_VERSION = 5.0;
				TARGETED_DEVICE_FAMILY = "1,2";
				TEST_TARGET_NAME = "Project 10";
			};
			name = Release;
		};
/* End XCBuildConfiguration section */

/* Begin XCConfigurationList section */
		79D83300252644A400D19A0E /* Build configuration list for PBXProject "Project 10" */ = {
			isa = XCConfigurationList;
			buildConfigurations = (
				79D8332D252644AB00D19A0E /* Debug */,
				79D8332E252644AB00D19A0E /* Release */,
			);
			defaultConfigurationIsVisible = 0;
			defaultConfigurationName = Release;
		};
		79D8332F252644AB00D19A0E /* Build configuration list for PBXNativeTarget "Project 10" */ = {
			isa = XCConfigurationList;
			buildConfigurations = (
				79D83330252644AB00D19A0E /* Debug */,
				79D83331252644AB00D19A0E /* Release */,
			);
			defaultConfigurationIsVisible = 0;
			defaultConfigurationName = Release;
		};
		79D83332252644AB00D19A0E /* Build configuration list for PBXNativeTarget "Project 10Tests" */ = {
			isa = XCConfigurationList;
			buildConfigurations = (
				79D83333252644AB00D19A0E /* Debug */,
				79D83334252644AB00D19A0E /* Release */,
			);
			defaultConfigurationIsVisible = 0;
			defaultConfigurationName = Release;
		};
		79D83335252644AB00D19A0E /* Build configuration list for PBXNativeTarget "Project 10UITests" */ = {
			isa = XCConfigurationList;
			buildConfigurations = (
				79D83336252644AB00D19A0E /* Debug */,
				79D83337252644AB00D19A0E /* Release */,
			);
			defaultConfigurationIsVisible = 0;
			defaultConfigurationName = Release;
		};
/* End XCConfigurationList section */
	};
	rootObject = 79D832FD252644A400D19A0E /* Project object */;
}
